// !$*UTF8*$!
{
	archiveVersion = 1;
	classes = {
	};
	objectVersion = 55;
	objects = {

/* Begin PBXBuildFile section */
		25A81AECDDE34B78D14990BA /* Pods_Petshop.framework in Frameworks */ = {isa = PBXBuildFile; fileRef = 5783166651A21E5DFCDCDEF5 /* Pods_Petshop.framework */; };
		3836ADCC296F68040042FA0E /* WebService.swift in Sources */ = {isa = PBXBuildFile; fileRef = 3836ADCB296F68040042FA0E /* WebService.swift */; };
		3836ADCE29715A090042FA0E /* SignUpRequest.swift in Sources */ = {isa = PBXBuildFile; fileRef = 3836ADCD29715A080042FA0E /* SignUpRequest.swift */; };
		384CCC062993BD15004049B3 /* BoxChartView.swift in Sources */ = {isa = PBXBuildFile; fileRef = 384CCC052993BD15004049B3 /* BoxChartView.swift */; };
		384CCC082993BD5B004049B3 /* ChartUiState.swift in Sources */ = {isa = PBXBuildFile; fileRef = 384CCC072993BD5B004049B3 /* ChartUiState.swift */; };
		384CCC0B2993BDA8004049B3 /* ChartRemoteDataSource.swift in Sources */ = {isa = PBXBuildFile; fileRef = 384CCC0A2993BDA8004049B3 /* ChartRemoteDataSource.swift */; };
		384CCC0D2993BE45004049B3 /* PetshopValueResponse.swift in Sources */ = {isa = PBXBuildFile; fileRef = 384CCC0C2993BE45004049B3 /* PetshopValueResponse.swift */; };
		384CCC0F2993C162004049B3 /* ChartInterector.swift in Sources */ = {isa = PBXBuildFile; fileRef = 384CCC0E2993C162004049B3 /* ChartInterector.swift */; };
		384CCC11299417D1004049B3 /* ChartViewModel.swift in Sources */ = {isa = PBXBuildFile; fileRef = 384CCC10299417D1004049B3 /* ChartViewModel.swift */; };
		384CCC21299430E9004049B3 /* PetshopCreateView.swift in Sources */ = {isa = PBXBuildFile; fileRef = 384CCC20299430E9004049B3 /* PetshopCreateView.swift */; };
		384CCC2329943822004049B3 /* PetshopCreateViewModel.swift in Sources */ = {isa = PBXBuildFile; fileRef = 384CCC2229943822004049B3 /* PetshopCreateViewModel.swift */; };
		384CCC2529943B17004049B3 /* PetshopViewRouter.swift in Sources */ = {isa = PBXBuildFile; fileRef = 384CCC2429943B17004049B3 /* PetshopViewRouter.swift */; };
		384CCC2929957A9B004049B3 /* ImagePickerView.swift in Sources */ = {isa = PBXBuildFile; fileRef = 384CCC2829957A9B004049B3 /* ImagePickerView.swift */; };
		384CCC332996D52B004049B3 /* PetshopCreateRequest.swift in Sources */ = {isa = PBXBuildFile; fileRef = 384CCC322996D52B004049B3 /* PetshopCreateRequest.swift */; };
		384CCC362996D5C3004049B3 /* PetshopCreateRemoteDataSource.swift in Sources */ = {isa = PBXBuildFile; fileRef = 384CCC352996D5C3004049B3 /* PetshopCreateRemoteDataSource.swift */; };
		384CCC382996D72A004049B3 /* PetshopCreateInteractor.swift in Sources */ = {isa = PBXBuildFile; fileRef = 384CCC372996D72A004049B3 /* PetshopCreateInteractor.swift */; };
		384CCC3E299AD785004049B3 /* Mask.swift in Sources */ = {isa = PBXBuildFile; fileRef = 384CCC3D299AD785004049B3 /* Mask.swift */; };
		384E58ED298A847D00E8A395 /* ImageView.swift in Sources */ = {isa = PBXBuildFile; fileRef = 384E58EC298A847D00E8A395 /* ImageView.swift */; };
		384E58FB298B04BB00E8A395 /* ProfileView.swift in Sources */ = {isa = PBXBuildFile; fileRef = 384E58FA298B04BB00E8A395 /* ProfileView.swift */; };
		384E58FD298B067B00E8A395 /* GenderSelectorView.swift in Sources */ = {isa = PBXBuildFile; fileRef = 384E58FC298B067B00E8A395 /* GenderSelectorView.swift */; };
		384E5901298BD71500E8A395 /* ProfileViewModel.swift in Sources */ = {isa = PBXBuildFile; fileRef = 384E5900298BD71500E8A395 /* ProfileViewModel.swift */; };
		384E590C298C990700E8A395 /* ProfileUiState.swift in Sources */ = {isa = PBXBuildFile; fileRef = 384E590B298C990700E8A395 /* ProfileUiState.swift */; };
		384E590E298C993A00E8A395 /* ProfileResponse.swift in Sources */ = {isa = PBXBuildFile; fileRef = 384E590D298C993A00E8A395 /* ProfileResponse.swift */; };
		384E5911298C99A400E8A395 /* ProfileRemoteDataSource.swift in Sources */ = {isa = PBXBuildFile; fileRef = 384E5910298C99A400E8A395 /* ProfileRemoteDataSource.swift */; };
		384E5914298C9AF700E8A395 /* ProfileInterector.swift in Sources */ = {isa = PBXBuildFile; fileRef = 384E5913298C9AF700E8A395 /* ProfileInterector.swift */; };
		384E5918298E883900E8A395 /* ProfileRequest.swift in Sources */ = {isa = PBXBuildFile; fileRef = 384E5917298E883900E8A395 /* ProfileRequest.swift */; };
		384E5925298FFDFB00E8A395 /* ChartView.swift in Sources */ = {isa = PBXBuildFile; fileRef = 384E5924298FFDFB00E8A395 /* ChartView.swift */; };
		38ACEA862972C3B100103FAA /* ErrorResponse.swift in Sources */ = {isa = PBXBuildFile; fileRef = 38ACEA852972C3B100103FAA /* ErrorResponse.swift */; };
		38ACEA8E2976BD5000103FAA /* SignInResponse.swift in Sources */ = {isa = PBXBuildFile; fileRef = 38ACEA8D2976BD5000103FAA /* SignInResponse.swift */; };
		38ACEA902976BD7500103FAA /* SignInRequest.swift in Sources */ = {isa = PBXBuildFile; fileRef = 38ACEA8F2976BD7500103FAA /* SignInRequest.swift */; };
		38ACEA94297805AD00103FAA /* SignInErrorResponse.swift in Sources */ = {isa = PBXBuildFile; fileRef = 38ACEA93297805AD00103FAA /* SignInErrorResponse.swift */; };
		38ACEA9C297959BD00103FAA /* SignInInteractor.swift in Sources */ = {isa = PBXBuildFile; fileRef = 38ACEA9B297959BD00103FAA /* SignInInteractor.swift */; };
		38ACEA9E29795A5000103FAA /* SignInRemoteDataSource.swift in Sources */ = {isa = PBXBuildFile; fileRef = 38ACEA9D29795A5000103FAA /* SignInRemoteDataSource.swift */; };
		38ACEAA2297A219500103FAA /* AppError.swift in Sources */ = {isa = PBXBuildFile; fileRef = 38ACEAA1297A219500103FAA /* AppError.swift */; };
		38ACEAAA297C782200103FAA /* SignUpInteractor.swift in Sources */ = {isa = PBXBuildFile; fileRef = 38ACEAA9297C782200103FAA /* SignUpInteractor.swift */; };
		38ACEAAC297C783400103FAA /* SignUpRemoteDataSource.swift in Sources */ = {isa = PBXBuildFile; fileRef = 38ACEAAB297C783400103FAA /* SignUpRemoteDataSource.swift */; };
		38ACEAB9297F6F8100103FAA /* UserAuth.swift in Sources */ = {isa = PBXBuildFile; fileRef = 38ACEAB8297F6F8100103FAA /* UserAuth.swift */; };
		38ACEABB297F703700103FAA /* LocalDataSource.swift in Sources */ = {isa = PBXBuildFile; fileRef = 38ACEABA297F703700103FAA /* LocalDataSource.swift */; };
		38ACEABE297F750600103FAA /* SplashInteractor.swift in Sources */ = {isa = PBXBuildFile; fileRef = 38ACEABD297F750600103FAA /* SplashInteractor.swift */; };
		38ACEAC0297F751800103FAA /* SplashRemoteDataSource.swift in Sources */ = {isa = PBXBuildFile; fileRef = 38ACEABF297F751800103FAA /* SplashRemoteDataSource.swift */; };
		38ACEAC2297F757C00103FAA /* RefreshRequest.swift in Sources */ = {isa = PBXBuildFile; fileRef = 38ACEAC1297F757C00103FAA /* RefreshRequest.swift */; };
		38ACEAD42980B27900103FAA /* PetshopView.swift in Sources */ = {isa = PBXBuildFile; fileRef = 38ACEAD32980B27900103FAA /* PetshopView.swift */; };
		38ACEAD62980B29400103FAA /* PetshopViewModel.swift in Sources */ = {isa = PBXBuildFile; fileRef = 38ACEAD52980B29400103FAA /* PetshopViewModel.swift */; };
		38ACEADA2980B3B300103FAA /* PetshopUiState.swift in Sources */ = {isa = PBXBuildFile; fileRef = 38ACEAD92980B3B300103FAA /* PetshopUiState.swift */; };
		38ACEADC2980B4C700103FAA /* HomeViewRouter.swift in Sources */ = {isa = PBXBuildFile; fileRef = 38ACEADB2980B4C700103FAA /* HomeViewRouter.swift */; };
		38ACEAE529820E1F00103FAA /* PetshopCardView.swift in Sources */ = {isa = PBXBuildFile; fileRef = 38ACEAE429820E1F00103FAA /* PetshopCardView.swift */; };
		38ACEAE729820E4600103FAA /* PetshopCardViewModel.swift in Sources */ = {isa = PBXBuildFile; fileRef = 38ACEAE629820E4600103FAA /* PetshopCardViewModel.swift */; };
		38ACEAEA2982171F00103FAA /* ButtonStyle.swift in Sources */ = {isa = PBXBuildFile; fileRef = 38ACEAE92982171F00103FAA /* ButtonStyle.swift */; };
		38ACEAF62986EC3D00103FAA /* PetshopRemoteDataSource.swift in Sources */ = {isa = PBXBuildFile; fileRef = 38ACEAF52986EC3D00103FAA /* PetshopRemoteDataSource.swift */; };
		38ACEAF82986EC7C00103FAA /* PetshopResponse.swift in Sources */ = {isa = PBXBuildFile; fileRef = 38ACEAF72986EC7C00103FAA /* PetshopResponse.swift */; };
		38ACEAFA2986EFFD00103FAA /* PetshopInteractor.swift in Sources */ = {isa = PBXBuildFile; fileRef = 38ACEAF92986EFFD00103FAA /* PetshopInteractor.swift */; };
		38ACEAFC2986F0C800103FAA /* Date+Extension.swift in Sources */ = {isa = PBXBuildFile; fileRef = 38ACEAFB2986F0C800103FAA /* Date+Extension.swift */; };
		38C9B5FC295D21F800F5384F /* PetshopApp.swift in Sources */ = {isa = PBXBuildFile; fileRef = 38C9B5FB295D21F800F5384F /* PetshopApp.swift */; };
		38C9B600295D21FA00F5384F /* Assets.xcassets in Resources */ = {isa = PBXBuildFile; fileRef = 38C9B5FF295D21FA00F5384F /* Assets.xcassets */; };
		38C9B603295D21FA00F5384F /* Preview Assets.xcassets in Resources */ = {isa = PBXBuildFile; fileRef = 38C9B602295D21FA00F5384F /* Preview Assets.xcassets */; };
		38C9B60F295DA95800F5384F /* SplashUiState.swift in Sources */ = {isa = PBXBuildFile; fileRef = 38C9B60E295DA95800F5384F /* SplashUiState.swift */; };
		38C9B611295DAA1200F5384F /* SplashViewModel.swift in Sources */ = {isa = PBXBuildFile; fileRef = 38C9B610295DAA1200F5384F /* SplashViewModel.swift */; };
		38C9B617295DAC6F00F5384F /* SplashViewModelRouter.swift in Sources */ = {isa = PBXBuildFile; fileRef = 38C9B616295DAC6F00F5384F /* SplashViewModelRouter.swift */; };
		38C9B61D295DAD9100F5384F /* SignInUiState.swift in Sources */ = {isa = PBXBuildFile; fileRef = 38C9B61C295DAD9100F5384F /* SignInUiState.swift */; };
		38C9B61F295DADDD00F5384F /* SignInViewModel.swift in Sources */ = {isa = PBXBuildFile; fileRef = 38C9B61E295DADDD00F5384F /* SignInViewModel.swift */; };
		38C9B623295DAE1100F5384F /* SignInViewRouter.swift in Sources */ = {isa = PBXBuildFile; fileRef = 38C9B622295DAE1100F5384F /* SignInViewRouter.swift */; };
		38C9B62A295DB1F300F5384F /* HomeViewModel.swift in Sources */ = {isa = PBXBuildFile; fileRef = 38C9B629295DB1F300F5384F /* HomeViewModel.swift */; };
		38C9B62C295DB21900F5384F /* HomeView.swift in Sources */ = {isa = PBXBuildFile; fileRef = 38C9B62B295DB21900F5384F /* HomeView.swift */; };
		38C9B62E295DB39900F5384F /* SignInView.swift in Sources */ = {isa = PBXBuildFile; fileRef = 38C9B62D295DB39900F5384F /* SignInView.swift */; };
		38C9B630295DB58E00F5384F /* SplashView.swift in Sources */ = {isa = PBXBuildFile; fileRef = 38C9B62F295DB58E00F5384F /* SplashView.swift */; };
		38C9B63429644AF300F5384F /* EditTextView.swift in Sources */ = {isa = PBXBuildFile; fileRef = 38C9B63329644AF300F5384F /* EditTextView.swift */; };
		38C9B63729644B2D00F5384F /* CustomTextFieldStyle.swift in Sources */ = {isa = PBXBuildFile; fileRef = 38C9B63629644B2D00F5384F /* CustomTextFieldStyle.swift */; };
		38C9B63A29644C1D00F5384F /* String+Extensions.swift in Sources */ = {isa = PBXBuildFile; fileRef = 38C9B63929644C1D00F5384F /* String+Extensions.swift */; };
		38C9B63D2964FFB700F5384F /* LoadingButtonView.swift in Sources */ = {isa = PBXBuildFile; fileRef = 38C9B63C2964FFB700F5384F /* LoadingButtonView.swift */; };
		38C9B6432965082500F5384F /* SignUpViewModel.swift in Sources */ = {isa = PBXBuildFile; fileRef = 38C9B6422965082500F5384F /* SignUpViewModel.swift */; };
		38C9B6452965085000F5384F /* SignUpUiState.swift in Sources */ = {isa = PBXBuildFile; fileRef = 38C9B6442965085000F5384F /* SignUpUiState.swift */; };
		38C9B6472965086500F5384F /* SignUpView.swift in Sources */ = {isa = PBXBuildFile; fileRef = 38C9B6462965086500F5384F /* SignUpView.swift */; };
		38C9B64B2965096C00F5384F /* SignUpViewRouter.swift in Sources */ = {isa = PBXBuildFile; fileRef = 38C9B64A2965096C00F5384F /* SignUpViewRouter.swift */; };
		38C9B64E296509D500F5384F /* Gender.swift in Sources */ = {isa = PBXBuildFile; fileRef = 38C9B64D296509D500F5384F /* Gender.swift */; };
		38F9824A29884A2E00E00D03 /* PetshopDetailUiState.swift in Sources */ = {isa = PBXBuildFile; fileRef = 38F9824929884A2E00E00D03 /* PetshopDetailUiState.swift */; };
		38F9824C29884A9600E00D03 /* PetshopDetailViewModel.swift in Sources */ = {isa = PBXBuildFile; fileRef = 38F9824B29884A9600E00D03 /* PetshopDetailViewModel.swift */; };
		38F9824E29884B9500E00D03 /* PetshopDetailView.swift in Sources */ = {isa = PBXBuildFile; fileRef = 38F9824D29884B9500E00D03 /* PetshopDetailView.swift */; };
		38F9825B2988A8EB00E00D03 /* PetshopCardViewRouter.swift in Sources */ = {isa = PBXBuildFile; fileRef = 38F9825A2988A8EB00E00D03 /* PetshopCardViewRouter.swift */; };
		38F9825E29892A7C00E00D03 /* PetshopDetailInteractor.swift in Sources */ = {isa = PBXBuildFile; fileRef = 38F9825D29892A7C00E00D03 /* PetshopDetailInteractor.swift */; };
		38F9826029892B2400E00D03 /* PetshopDetailRemoteDataSource.swift in Sources */ = {isa = PBXBuildFile; fileRef = 38F9825F29892B2400E00D03 /* PetshopDetailRemoteDataSource.swift */; };
		38F9826229892C3600E00D03 /* PetshopValueRequest.swift in Sources */ = {isa = PBXBuildFile; fileRef = 38F9826129892C3600E00D03 /* PetshopValueRequest.swift */; };
/* End PBXBuildFile section */

/* Begin PBXFileReference section */
		3836ADCB296F68040042FA0E /* WebService.swift */ = {isa = PBXFileReference; lastKnownFileType = sourcecode.swift; path = WebService.swift; sourceTree = "<group>"; };
		3836ADCD29715A080042FA0E /* SignUpRequest.swift */ = {isa = PBXFileReference; lastKnownFileType = sourcecode.swift; path = SignUpRequest.swift; sourceTree = "<group>"; };
		384CCC052993BD15004049B3 /* BoxChartView.swift */ = {isa = PBXFileReference; lastKnownFileType = sourcecode.swift; path = BoxChartView.swift; sourceTree = "<group>"; };
		384CCC072993BD5B004049B3 /* ChartUiState.swift */ = {isa = PBXFileReference; lastKnownFileType = sourcecode.swift; path = ChartUiState.swift; sourceTree = "<group>"; };
		384CCC0A2993BDA8004049B3 /* ChartRemoteDataSource.swift */ = {isa = PBXFileReference; lastKnownFileType = sourcecode.swift; path = ChartRemoteDataSource.swift; sourceTree = "<group>"; };
		384CCC0C2993BE45004049B3 /* PetshopValueResponse.swift */ = {isa = PBXFileReference; lastKnownFileType = sourcecode.swift; path = PetshopValueResponse.swift; sourceTree = "<group>"; };
		384CCC0E2993C162004049B3 /* ChartInterector.swift */ = {isa = PBXFileReference; lastKnownFileType = sourcecode.swift; path = ChartInterector.swift; sourceTree = "<group>"; };
		384CCC10299417D1004049B3 /* ChartViewModel.swift */ = {isa = PBXFileReference; lastKnownFileType = sourcecode.swift; path = ChartViewModel.swift; sourceTree = "<group>"; };
		384CCC20299430E9004049B3 /* PetshopCreateView.swift */ = {isa = PBXFileReference; lastKnownFileType = sourcecode.swift; path = PetshopCreateView.swift; sourceTree = "<group>"; };
		384CCC2229943822004049B3 /* PetshopCreateViewModel.swift */ = {isa = PBXFileReference; lastKnownFileType = sourcecode.swift; path = PetshopCreateViewModel.swift; sourceTree = "<group>"; };
		384CCC2429943B17004049B3 /* PetshopViewRouter.swift */ = {isa = PBXFileReference; lastKnownFileType = sourcecode.swift; path = PetshopViewRouter.swift; sourceTree = "<group>"; };
		384CCC2829957A9B004049B3 /* ImagePickerView.swift */ = {isa = PBXFileReference; lastKnownFileType = sourcecode.swift; path = ImagePickerView.swift; sourceTree = "<group>"; };
		384CCC312996D4E4004049B3 /* Petshop.app */ = {isa = PBXFileReference; explicitFileType = wrapper.application; includeInIndex = 0; path = Petshop.app; sourceTree = BUILT_PRODUCTS_DIR; };
		384CCC322996D52B004049B3 /* PetshopCreateRequest.swift */ = {isa = PBXFileReference; lastKnownFileType = sourcecode.swift; path = PetshopCreateRequest.swift; sourceTree = "<group>"; };
		384CCC352996D5C3004049B3 /* PetshopCreateRemoteDataSource.swift */ = {isa = PBXFileReference; lastKnownFileType = sourcecode.swift; path = PetshopCreateRemoteDataSource.swift; sourceTree = "<group>"; };
		384CCC372996D72A004049B3 /* PetshopCreateInteractor.swift */ = {isa = PBXFileReference; lastKnownFileType = sourcecode.swift; path = PetshopCreateInteractor.swift; sourceTree = "<group>"; };
		384CCC3D299AD785004049B3 /* Mask.swift */ = {isa = PBXFileReference; lastKnownFileType = sourcecode.swift; path = Mask.swift; sourceTree = "<group>"; };
		384E58EC298A847D00E8A395 /* ImageView.swift */ = {isa = PBXFileReference; lastKnownFileType = sourcecode.swift; path = ImageView.swift; sourceTree = "<group>"; };
		384E58FA298B04BB00E8A395 /* ProfileView.swift */ = {isa = PBXFileReference; lastKnownFileType = sourcecode.swift; path = ProfileView.swift; sourceTree = "<group>"; };
		384E58FC298B067B00E8A395 /* GenderSelectorView.swift */ = {isa = PBXFileReference; lastKnownFileType = sourcecode.swift; path = GenderSelectorView.swift; sourceTree = "<group>"; };
		384E5900298BD71500E8A395 /* ProfileViewModel.swift */ = {isa = PBXFileReference; lastKnownFileType = sourcecode.swift; path = ProfileViewModel.swift; sourceTree = "<group>"; };
		384E590B298C990700E8A395 /* ProfileUiState.swift */ = {isa = PBXFileReference; lastKnownFileType = sourcecode.swift; path = ProfileUiState.swift; sourceTree = "<group>"; };
		384E590D298C993A00E8A395 /* ProfileResponse.swift */ = {isa = PBXFileReference; lastKnownFileType = sourcecode.swift; path = ProfileResponse.swift; sourceTree = "<group>"; };
		384E5910298C99A400E8A395 /* ProfileRemoteDataSource.swift */ = {isa = PBXFileReference; lastKnownFileType = sourcecode.swift; path = ProfileRemoteDataSource.swift; sourceTree = "<group>"; };
		384E5913298C9AF700E8A395 /* ProfileInterector.swift */ = {isa = PBXFileReference; lastKnownFileType = sourcecode.swift; path = ProfileInterector.swift; sourceTree = "<group>"; };
		384E5917298E883900E8A395 /* ProfileRequest.swift */ = {isa = PBXFileReference; lastKnownFileType = sourcecode.swift; path = ProfileRequest.swift; sourceTree = "<group>"; };
		384E5924298FFDFB00E8A395 /* ChartView.swift */ = {isa = PBXFileReference; lastKnownFileType = sourcecode.swift; path = ChartView.swift; sourceTree = "<group>"; };
		38ACEA852972C3B100103FAA /* ErrorResponse.swift */ = {isa = PBXFileReference; lastKnownFileType = sourcecode.swift; path = ErrorResponse.swift; sourceTree = "<group>"; };
		38ACEA8D2976BD5000103FAA /* SignInResponse.swift */ = {isa = PBXFileReference; lastKnownFileType = sourcecode.swift; path = SignInResponse.swift; sourceTree = "<group>"; };
		38ACEA8F2976BD7500103FAA /* SignInRequest.swift */ = {isa = PBXFileReference; lastKnownFileType = sourcecode.swift; path = SignInRequest.swift; sourceTree = "<group>"; };
		38ACEA93297805AD00103FAA /* SignInErrorResponse.swift */ = {isa = PBXFileReference; lastKnownFileType = sourcecode.swift; path = SignInErrorResponse.swift; sourceTree = "<group>"; };
		38ACEA9B297959BD00103FAA /* SignInInteractor.swift */ = {isa = PBXFileReference; lastKnownFileType = sourcecode.swift; path = SignInInteractor.swift; sourceTree = "<group>"; };
		38ACEA9D29795A5000103FAA /* SignInRemoteDataSource.swift */ = {isa = PBXFileReference; lastKnownFileType = sourcecode.swift; path = SignInRemoteDataSource.swift; sourceTree = "<group>"; };
		38ACEAA1297A219500103FAA /* AppError.swift */ = {isa = PBXFileReference; lastKnownFileType = sourcecode.swift; path = AppError.swift; sourceTree = "<group>"; };
		38ACEAA9297C782200103FAA /* SignUpInteractor.swift */ = {isa = PBXFileReference; lastKnownFileType = sourcecode.swift; path = SignUpInteractor.swift; sourceTree = "<group>"; };
		38ACEAAB297C783400103FAA /* SignUpRemoteDataSource.swift */ = {isa = PBXFileReference; lastKnownFileType = sourcecode.swift; path = SignUpRemoteDataSource.swift; sourceTree = "<group>"; };
		38ACEAB8297F6F8100103FAA /* UserAuth.swift */ = {isa = PBXFileReference; lastKnownFileType = sourcecode.swift; path = UserAuth.swift; sourceTree = "<group>"; };
		38ACEABA297F703700103FAA /* LocalDataSource.swift */ = {isa = PBXFileReference; lastKnownFileType = sourcecode.swift; path = LocalDataSource.swift; sourceTree = "<group>"; };
		38ACEABD297F750600103FAA /* SplashInteractor.swift */ = {isa = PBXFileReference; lastKnownFileType = sourcecode.swift; path = SplashInteractor.swift; sourceTree = "<group>"; };
		38ACEABF297F751800103FAA /* SplashRemoteDataSource.swift */ = {isa = PBXFileReference; lastKnownFileType = sourcecode.swift; path = SplashRemoteDataSource.swift; sourceTree = "<group>"; };
		38ACEAC1297F757C00103FAA /* RefreshRequest.swift */ = {isa = PBXFileReference; lastKnownFileType = sourcecode.swift; path = RefreshRequest.swift; sourceTree = "<group>"; };
		38ACEAD32980B27900103FAA /* PetshopView.swift */ = {isa = PBXFileReference; lastKnownFileType = sourcecode.swift; path = PetshopView.swift; sourceTree = "<group>"; };
		38ACEAD52980B29400103FAA /* PetshopViewModel.swift */ = {isa = PBXFileReference; lastKnownFileType = sourcecode.swift; path = PetshopViewModel.swift; sourceTree = "<group>"; };
		38ACEAD92980B3B300103FAA /* PetshopUiState.swift */ = {isa = PBXFileReference; lastKnownFileType = sourcecode.swift; path = PetshopUiState.swift; sourceTree = "<group>"; };
		38ACEADB2980B4C700103FAA /* HomeViewRouter.swift */ = {isa = PBXFileReference; lastKnownFileType = sourcecode.swift; path = HomeViewRouter.swift; sourceTree = "<group>"; };
		38ACEAE429820E1F00103FAA /* PetshopCardView.swift */ = {isa = PBXFileReference; lastKnownFileType = sourcecode.swift; path = PetshopCardView.swift; sourceTree = "<group>"; };
		38ACEAE629820E4600103FAA /* PetshopCardViewModel.swift */ = {isa = PBXFileReference; lastKnownFileType = sourcecode.swift; path = PetshopCardViewModel.swift; sourceTree = "<group>"; };
		38ACEAE92982171F00103FAA /* ButtonStyle.swift */ = {isa = PBXFileReference; lastKnownFileType = sourcecode.swift; path = ButtonStyle.swift; sourceTree = "<group>"; };
		38ACEAF52986EC3D00103FAA /* PetshopRemoteDataSource.swift */ = {isa = PBXFileReference; lastKnownFileType = sourcecode.swift; path = PetshopRemoteDataSource.swift; sourceTree = "<group>"; };
		38ACEAF72986EC7C00103FAA /* PetshopResponse.swift */ = {isa = PBXFileReference; lastKnownFileType = sourcecode.swift; path = PetshopResponse.swift; sourceTree = "<group>"; };
		38ACEAF92986EFFD00103FAA /* PetshopInteractor.swift */ = {isa = PBXFileReference; lastKnownFileType = sourcecode.swift; path = PetshopInteractor.swift; sourceTree = "<group>"; };
		38ACEAFB2986F0C800103FAA /* Date+Extension.swift */ = {isa = PBXFileReference; lastKnownFileType = sourcecode.swift; path = "Date+Extension.swift"; sourceTree = "<group>"; };
		38C9B5FB295D21F800F5384F /* PetshopApp.swift */ = {isa = PBXFileReference; lastKnownFileType = sourcecode.swift; path = PetshopApp.swift; sourceTree = "<group>"; };
		38C9B5FF295D21FA00F5384F /* Assets.xcassets */ = {isa = PBXFileReference; lastKnownFileType = folder.assetcatalog; path = Assets.xcassets; sourceTree = "<group>"; };
		38C9B602295D21FA00F5384F /* Preview Assets.xcassets */ = {isa = PBXFileReference; lastKnownFileType = folder.assetcatalog; path = "Preview Assets.xcassets"; sourceTree = "<group>"; };
		38C9B60E295DA95800F5384F /* SplashUiState.swift */ = {isa = PBXFileReference; lastKnownFileType = sourcecode.swift; path = SplashUiState.swift; sourceTree = "<group>"; };
		38C9B610295DAA1200F5384F /* SplashViewModel.swift */ = {isa = PBXFileReference; lastKnownFileType = sourcecode.swift; path = SplashViewModel.swift; sourceTree = "<group>"; };
		38C9B616295DAC6F00F5384F /* SplashViewModelRouter.swift */ = {isa = PBXFileReference; lastKnownFileType = sourcecode.swift; path = SplashViewModelRouter.swift; sourceTree = "<group>"; };
		38C9B61C295DAD9100F5384F /* SignInUiState.swift */ = {isa = PBXFileReference; lastKnownFileType = sourcecode.swift; path = SignInUiState.swift; sourceTree = "<group>"; };
		38C9B61E295DADDD00F5384F /* SignInViewModel.swift */ = {isa = PBXFileReference; lastKnownFileType = sourcecode.swift; path = SignInViewModel.swift; sourceTree = "<group>"; };
		38C9B622295DAE1100F5384F /* SignInViewRouter.swift */ = {isa = PBXFileReference; lastKnownFileType = sourcecode.swift; path = SignInViewRouter.swift; sourceTree = "<group>"; };
		38C9B629295DB1F300F5384F /* HomeViewModel.swift */ = {isa = PBXFileReference; lastKnownFileType = sourcecode.swift; path = HomeViewModel.swift; sourceTree = "<group>"; };
		38C9B62B295DB21900F5384F /* HomeView.swift */ = {isa = PBXFileReference; lastKnownFileType = sourcecode.swift; path = HomeView.swift; sourceTree = "<group>"; };
		38C9B62D295DB39900F5384F /* SignInView.swift */ = {isa = PBXFileReference; lastKnownFileType = sourcecode.swift; path = SignInView.swift; sourceTree = "<group>"; };
		38C9B62F295DB58E00F5384F /* SplashView.swift */ = {isa = PBXFileReference; lastKnownFileType = sourcecode.swift; path = SplashView.swift; sourceTree = "<group>"; };
		38C9B63329644AF300F5384F /* EditTextView.swift */ = {isa = PBXFileReference; lastKnownFileType = sourcecode.swift; path = EditTextView.swift; sourceTree = "<group>"; };
		38C9B63629644B2D00F5384F /* CustomTextFieldStyle.swift */ = {isa = PBXFileReference; lastKnownFileType = sourcecode.swift; path = CustomTextFieldStyle.swift; sourceTree = "<group>"; };
		38C9B63929644C1D00F5384F /* String+Extensions.swift */ = {isa = PBXFileReference; lastKnownFileType = sourcecode.swift; path = "String+Extensions.swift"; sourceTree = "<group>"; };
		38C9B63C2964FFB700F5384F /* LoadingButtonView.swift */ = {isa = PBXFileReference; lastKnownFileType = sourcecode.swift; path = LoadingButtonView.swift; sourceTree = "<group>"; };
		38C9B6422965082500F5384F /* SignUpViewModel.swift */ = {isa = PBXFileReference; lastKnownFileType = sourcecode.swift; path = SignUpViewModel.swift; sourceTree = "<group>"; };
		38C9B6442965085000F5384F /* SignUpUiState.swift */ = {isa = PBXFileReference; lastKnownFileType = sourcecode.swift; path = SignUpUiState.swift; sourceTree = "<group>"; };
		38C9B6462965086500F5384F /* SignUpView.swift */ = {isa = PBXFileReference; lastKnownFileType = sourcecode.swift; path = SignUpView.swift; sourceTree = "<group>"; };
		38C9B64A2965096C00F5384F /* SignUpViewRouter.swift */ = {isa = PBXFileReference; lastKnownFileType = sourcecode.swift; path = SignUpViewRouter.swift; sourceTree = "<group>"; };
		38C9B64D296509D500F5384F /* Gender.swift */ = {isa = PBXFileReference; lastKnownFileType = sourcecode.swift; path = Gender.swift; sourceTree = "<group>"; };
		38F9824929884A2E00E00D03 /* PetshopDetailUiState.swift */ = {isa = PBXFileReference; lastKnownFileType = sourcecode.swift; path = PetshopDetailUiState.swift; sourceTree = "<group>"; };
		38F9824B29884A9600E00D03 /* PetshopDetailViewModel.swift */ = {isa = PBXFileReference; lastKnownFileType = sourcecode.swift; path = PetshopDetailViewModel.swift; sourceTree = "<group>"; };
		38F9824D29884B9500E00D03 /* PetshopDetailView.swift */ = {isa = PBXFileReference; lastKnownFileType = sourcecode.swift; path = PetshopDetailView.swift; sourceTree = "<group>"; };
		38F9825A2988A8EB00E00D03 /* PetshopCardViewRouter.swift */ = {isa = PBXFileReference; lastKnownFileType = sourcecode.swift; path = PetshopCardViewRouter.swift; sourceTree = "<group>"; };
		38F9825D29892A7C00E00D03 /* PetshopDetailInteractor.swift */ = {isa = PBXFileReference; lastKnownFileType = sourcecode.swift; path = PetshopDetailInteractor.swift; sourceTree = "<group>"; };
		38F9825F29892B2400E00D03 /* PetshopDetailRemoteDataSource.swift */ = {isa = PBXFileReference; lastKnownFileType = sourcecode.swift; path = PetshopDetailRemoteDataSource.swift; sourceTree = "<group>"; };
		38F9826129892C3600E00D03 /* PetshopValueRequest.swift */ = {isa = PBXFileReference; lastKnownFileType = sourcecode.swift; path = PetshopValueRequest.swift; sourceTree = "<group>"; };
		5783166651A21E5DFCDCDEF5 /* Pods_Petshop.framework */ = {isa = PBXFileReference; explicitFileType = wrapper.framework; includeInIndex = 0; path = Pods_Petshop.framework; sourceTree = BUILT_PRODUCTS_DIR; };
		8F8780E2F965599899CD1A82 /* Pods-Petshop.release.xcconfig */ = {isa = PBXFileReference; includeInIndex = 1; lastKnownFileType = text.xcconfig; name = "Pods-Petshop.release.xcconfig"; path = "Target Support Files/Pods-Petshop/Pods-Petshop.release.xcconfig"; sourceTree = "<group>"; };
		CA41AF8C1C863100700F3F7D /* Pods-Petshop.debug.xcconfig */ = {isa = PBXFileReference; includeInIndex = 1; lastKnownFileType = text.xcconfig; name = "Pods-Petshop.debug.xcconfig"; path = "Target Support Files/Pods-Petshop/Pods-Petshop.debug.xcconfig"; sourceTree = "<group>"; };
/* End PBXFileReference section */

/* Begin PBXFrameworksBuildPhase section */
		38C9B5F5295D21F800F5384F /* Frameworks */ = {
			isa = PBXFrameworksBuildPhase;
			buildActionMask = 2147483647;
			files = (
				25A81AECDDE34B78D14990BA /* Pods_Petshop.framework in Frameworks */,
			);
			runOnlyForDeploymentPostprocessing = 0;
		};
/* End PBXFrameworksBuildPhase section */

/* Begin PBXGroup section */
		3836ADCA296F67EE0042FA0E /* Network */ = {
			isa = PBXGroup;
			children = (
				3836ADCB296F68040042FA0E /* WebService.swift */,
				38ACEABA297F703700103FAA /* LocalDataSource.swift */,
			);
			path = Network;
			sourceTree = "<group>";
		};
		384CCC092993BD90004049B3 /* Interector */ = {
			isa = PBXGroup;
			children = (
				384CCC0A2993BDA8004049B3 /* ChartRemoteDataSource.swift */,
				384CCC0E2993C162004049B3 /* ChartInterector.swift */,
			);
			path = Interector;
			sourceTree = "<group>";
		};
		384CCC1C299430BC004049B3 /* PetshopCreate */ = {
			isa = PBXGroup;
			children = (
				384CCC342996D598004049B3 /* Interector */,
				384CCC1F299430DB004049B3 /* View */,
				384CCC1E299430D6004049B3 /* ViewModel */,
				384CCC1D299430D1004049B3 /* Model */,
			);
			path = PetshopCreate;
			sourceTree = "<group>";
		};
		384CCC1D299430D1004049B3 /* Model */ = {
			isa = PBXGroup;
			children = (
				384CCC322996D52B004049B3 /* PetshopCreateRequest.swift */,
			);
			path = Model;
			sourceTree = "<group>";
		};
		384CCC1E299430D6004049B3 /* ViewModel */ = {
			isa = PBXGroup;
			children = (
				384CCC2229943822004049B3 /* PetshopCreateViewModel.swift */,
			);
			path = ViewModel;
			sourceTree = "<group>";
		};
		384CCC1F299430DB004049B3 /* View */ = {
			isa = PBXGroup;
			children = (
				384CCC20299430E9004049B3 /* PetshopCreateView.swift */,
			);
			path = View;
			sourceTree = "<group>";
		};
		384CCC342996D598004049B3 /* Interector */ = {
			isa = PBXGroup;
			children = (
				384CCC352996D5C3004049B3 /* PetshopCreateRemoteDataSource.swift */,
				384CCC372996D72A004049B3 /* PetshopCreateInteractor.swift */,
			);
			path = Interector;
			sourceTree = "<group>";
		};
		384CCC3C299AD779004049B3 /* Util */ = {
			isa = PBXGroup;
			children = (
				384CCC3D299AD785004049B3 /* Mask.swift */,
			);
			path = Util;
			sourceTree = "<group>";
		};
		384E58F6298B049B00E8A395 /* Profile */ = {
			isa = PBXGroup;
			children = (
				384E590F298C998D00E8A395 /* Interactor */,
				384E58F9298B04AA00E8A395 /* View */,
				384E58F8298B04A500E8A395 /* ViewModel */,
				384E58F7298B04A100E8A395 /* Model */,
			);
			path = Profile;
			sourceTree = "<group>";
		};
		384E58F7298B04A100E8A395 /* Model */ = {
			isa = PBXGroup;
			children = (
				384E590B298C990700E8A395 /* ProfileUiState.swift */,
				384E590D298C993A00E8A395 /* ProfileResponse.swift */,
				384E5917298E883900E8A395 /* ProfileRequest.swift */,
			);
			path = Model;
			sourceTree = "<group>";
		};
		384E58F8298B04A500E8A395 /* ViewModel */ = {
			isa = PBXGroup;
			children = (
				384E5900298BD71500E8A395 /* ProfileViewModel.swift */,
			);
			path = ViewModel;
			sourceTree = "<group>";
		};
		384E58F9298B04AA00E8A395 /* View */ = {
			isa = PBXGroup;
			children = (
				384E58FA298B04BB00E8A395 /* ProfileView.swift */,
				384E58FC298B067B00E8A395 /* GenderSelectorView.swift */,
			);
			path = View;
			sourceTree = "<group>";
		};
		384E590F298C998D00E8A395 /* Interactor */ = {
			isa = PBXGroup;
			children = (
				384E5910298C99A400E8A395 /* ProfileRemoteDataSource.swift */,
				384E5913298C9AF700E8A395 /* ProfileInterector.swift */,
			);
			path = Interactor;
			sourceTree = "<group>";
		};
		384E591F298FFDB000E8A395 /* Charts */ = {
			isa = PBXGroup;
			children = (
				384CCC092993BD90004049B3 /* Interector */,
				384E5922298FFDCA00E8A395 /* View */,
				384E5921298FFDC500E8A395 /* ViewModel */,
				384E5920298FFDC000E8A395 /* Model */,
			);
			path = Charts;
			sourceTree = "<group>";
		};
		384E5920298FFDC000E8A395 /* Model */ = {
			isa = PBXGroup;
			children = (
				384CCC072993BD5B004049B3 /* ChartUiState.swift */,
				384CCC0C2993BE45004049B3 /* PetshopValueResponse.swift */,
			);
			path = Model;
			sourceTree = "<group>";
		};
		384E5921298FFDC500E8A395 /* ViewModel */ = {
			isa = PBXGroup;
			children = (
				384CCC10299417D1004049B3 /* ChartViewModel.swift */,
			);
			path = ViewModel;
			sourceTree = "<group>";
		};
		384E5922298FFDCA00E8A395 /* View */ = {
			isa = PBXGroup;
			children = (
				384E5924298FFDFB00E8A395 /* ChartView.swift */,
				384CCC052993BD15004049B3 /* BoxChartView.swift */,
			);
			path = View;
			sourceTree = "<group>";
		};
		38ACEA9A2979597E00103FAA /* Interactor */ = {
			isa = PBXGroup;
			children = (
				38ACEA9D29795A5000103FAA /* SignInRemoteDataSource.swift */,
				38ACEA9B297959BD00103FAA /* SignInInteractor.swift */,
			);
			path = Interactor;
			sourceTree = "<group>";
		};
		38ACEAA8297C780F00103FAA /* Interactor */ = {
			isa = PBXGroup;
			children = (
				38ACEAA9297C782200103FAA /* SignUpInteractor.swift */,
				38ACEAAB297C783400103FAA /* SignUpRemoteDataSource.swift */,
			);
			path = Interactor;
			sourceTree = "<group>";
		};
		38ACEABC297F74F700103FAA /* Interactor */ = {
			isa = PBXGroup;
			children = (
				38ACEABD297F750600103FAA /* SplashInteractor.swift */,
				38ACEABF297F751800103FAA /* SplashRemoteDataSource.swift */,
			);
			path = Interactor;
			sourceTree = "<group>";
		};
		38ACEACF2980B22A00103FAA /* Petshop */ = {
			isa = PBXGroup;
			children = (
				38ACEAF42986EC1E00103FAA /* Interactor */,
				38ACEAD22980B24D00103FAA /* View */,
				38ACEAD12980B24300103FAA /* ViewModel */,
				38ACEAD02980B23D00103FAA /* Model */,
			);
			path = Petshop;
			sourceTree = "<group>";
		};
		38ACEAD02980B23D00103FAA /* Model */ = {
			isa = PBXGroup;
			children = (
				38ACEAD92980B3B300103FAA /* PetshopUiState.swift */,
				38ACEAF72986EC7C00103FAA /* PetshopResponse.swift */,
			);
			path = Model;
			sourceTree = "<group>";
		};
		38ACEAD12980B24300103FAA /* ViewModel */ = {
			isa = PBXGroup;
			children = (
				38ACEAD52980B29400103FAA /* PetshopViewModel.swift */,
				38ACEAE629820E4600103FAA /* PetshopCardViewModel.swift */,
				38F9825A2988A8EB00E00D03 /* PetshopCardViewRouter.swift */,
				384CCC2429943B17004049B3 /* PetshopViewRouter.swift */,
			);
			path = ViewModel;
			sourceTree = "<group>";
		};
		38ACEAD22980B24D00103FAA /* View */ = {
			isa = PBXGroup;
			children = (
				38ACEAD32980B27900103FAA /* PetshopView.swift */,
				38ACEAE429820E1F00103FAA /* PetshopCardView.swift */,
			);
			path = View;
			sourceTree = "<group>";
		};
		38ACEAE82982170700103FAA /* Modifier */ = {
			isa = PBXGroup;
			children = (
				38ACEAE92982171F00103FAA /* ButtonStyle.swift */,
			);
			path = Modifier;
			sourceTree = "<group>";
		};
		38ACEAF42986EC1E00103FAA /* Interactor */ = {
			isa = PBXGroup;
			children = (
				38ACEAF52986EC3D00103FAA /* PetshopRemoteDataSource.swift */,
				38ACEAF92986EFFD00103FAA /* PetshopInteractor.swift */,
			);
			path = Interactor;
			sourceTree = "<group>";
		};
		38C9B5EF295D21F800F5384F = {
			isa = PBXGroup;
			children = (
				38C9B5FA295D21F800F5384F /* Petshop */,
				D80598CDA265B3B7096B877B /* Pods */,
				7763F1013D9F6F96AE235597 /* Frameworks */,
				384CCC312996D4E4004049B3 /* Petshop.app */,
			);
			sourceTree = "<group>";
		};
		38C9B5FA295D21F800F5384F /* Petshop */ = {
			isa = PBXGroup;
			children = (
				384CCC1C299430BC004049B3 /* PetshopCreate */,
				384E591F298FFDB000E8A395 /* Charts */,
				384E58F6298B049B00E8A395 /* Profile */,
				38F98245298849F700E00D03 /* PetshopDetail */,
				38ACEACF2980B22A00103FAA /* Petshop */,
				38C9B63129644ABB00F5384F /* Common */,
				38C9B63E296507F000F5384F /* SignUp */,
				38C9B624295DB16500F5384F /* Home */,
				38C9B618295DAD2400F5384F /* SignIn */,
				38C9B609295DA7F400F5384F /* Splash */,
				38C9B5FB295D21F800F5384F /* PetshopApp.swift */,
				38C9B5FF295D21FA00F5384F /* Assets.xcassets */,
				38C9B601295D21FA00F5384F /* Preview Content */,
			);
			path = Petshop;
			sourceTree = "<group>";
		};
		38C9B601295D21FA00F5384F /* Preview Content */ = {
			isa = PBXGroup;
			children = (
				38C9B602295D21FA00F5384F /* Preview Assets.xcassets */,
			);
			path = "Preview Content";
			sourceTree = "<group>";
		};
		38C9B609295DA7F400F5384F /* Splash */ = {
			isa = PBXGroup;
			children = (
				38ACEABC297F74F700103FAA /* Interactor */,
				38C9B60D295DA8C300F5384F /* ViewModel */,
				38C9B60C295DA8BE00F5384F /* View */,
				38C9B60B295DA8B700F5384F /* Model */,
			);
			path = Splash;
			sourceTree = "<group>";
		};
		38C9B60B295DA8B700F5384F /* Model */ = {
			isa = PBXGroup;
			children = (
				38C9B60E295DA95800F5384F /* SplashUiState.swift */,
				38ACEAC1297F757C00103FAA /* RefreshRequest.swift */,
			);
			path = Model;
			sourceTree = "<group>";
		};
		38C9B60C295DA8BE00F5384F /* View */ = {
			isa = PBXGroup;
			children = (
				38C9B62F295DB58E00F5384F /* SplashView.swift */,
			);
			path = View;
			sourceTree = "<group>";
		};
		38C9B60D295DA8C300F5384F /* ViewModel */ = {
			isa = PBXGroup;
			children = (
				38C9B610295DAA1200F5384F /* SplashViewModel.swift */,
				38C9B616295DAC6F00F5384F /* SplashViewModelRouter.swift */,
			);
			path = ViewModel;
			sourceTree = "<group>";
		};
		38C9B618295DAD2400F5384F /* SignIn */ = {
			isa = PBXGroup;
			children = (
				38ACEA9A2979597E00103FAA /* Interactor */,
				38C9B61B295DAD3D00F5384F /* ViewModel */,
				38C9B61A295DAD3900F5384F /* View */,
				38C9B619295DAD3200F5384F /* Model */,
			);
			path = SignIn;
			sourceTree = "<group>";
		};
		38C9B619295DAD3200F5384F /* Model */ = {
			isa = PBXGroup;
			children = (
				38C9B61C295DAD9100F5384F /* SignInUiState.swift */,
				38ACEA8D2976BD5000103FAA /* SignInResponse.swift */,
				38ACEA8F2976BD7500103FAA /* SignInRequest.swift */,
				38ACEA93297805AD00103FAA /* SignInErrorResponse.swift */,
			);
			path = Model;
			sourceTree = "<group>";
		};
		38C9B61A295DAD3900F5384F /* View */ = {
			isa = PBXGroup;
			children = (
				38C9B62D295DB39900F5384F /* SignInView.swift */,
			);
			path = View;
			sourceTree = "<group>";
		};
		38C9B61B295DAD3D00F5384F /* ViewModel */ = {
			isa = PBXGroup;
			children = (
				38C9B61E295DADDD00F5384F /* SignInViewModel.swift */,
				38C9B622295DAE1100F5384F /* SignInViewRouter.swift */,
			);
			path = ViewModel;
			sourceTree = "<group>";
		};
		38C9B624295DB16500F5384F /* Home */ = {
			isa = PBXGroup;
			children = (
				38C9B628295DB18700F5384F /* ViewModel */,
				38C9B627295DB17D00F5384F /* View */,
				38C9B625295DB16A00F5384F /* Model */,
			);
			path = Home;
			sourceTree = "<group>";
		};
		38C9B625295DB16A00F5384F /* Model */ = {
			isa = PBXGroup;
			children = (
			);
			path = Model;
			sourceTree = "<group>";
		};
		38C9B627295DB17D00F5384F /* View */ = {
			isa = PBXGroup;
			children = (
				38C9B62B295DB21900F5384F /* HomeView.swift */,
			);
			path = View;
			sourceTree = "<group>";
		};
		38C9B628295DB18700F5384F /* ViewModel */ = {
			isa = PBXGroup;
			children = (
				38C9B629295DB1F300F5384F /* HomeViewModel.swift */,
				38ACEADB2980B4C700103FAA /* HomeViewRouter.swift */,
			);
			path = ViewModel;
			sourceTree = "<group>";
		};
		38C9B63129644ABB00F5384F /* Common */ = {
			isa = PBXGroup;
			children = (
				384CCC3C299AD779004049B3 /* Util */,
				38ACEAE82982170700103FAA /* Modifier */,
				3836ADCA296F67EE0042FA0E /* Network */,
				38C9B64C296509CA00F5384F /* Model */,
				38C9B63829644C0D00F5384F /* Lang */,
				38C9B63229644AD000F5384F /* View */,
			);
			path = Common;
			sourceTree = "<group>";
		};
		38C9B63229644AD000F5384F /* View */ = {
			isa = PBXGroup;
			children = (
				38C9B63529644B2400F5384F /* Style */,
				38C9B63329644AF300F5384F /* EditTextView.swift */,
				38C9B63C2964FFB700F5384F /* LoadingButtonView.swift */,
				384E58EC298A847D00E8A395 /* ImageView.swift */,
				384CCC2829957A9B004049B3 /* ImagePickerView.swift */,
			);
			path = View;
			sourceTree = "<group>";
		};
		38C9B63529644B2400F5384F /* Style */ = {
			isa = PBXGroup;
			children = (
				38C9B63629644B2D00F5384F /* CustomTextFieldStyle.swift */,
			);
			path = Style;
			sourceTree = "<group>";
		};
		38C9B63829644C0D00F5384F /* Lang */ = {
			isa = PBXGroup;
			children = (
				38C9B63929644C1D00F5384F /* String+Extensions.swift */,
				38ACEAFB2986F0C800103FAA /* Date+Extension.swift */,
			);
			path = Lang;
			sourceTree = "<group>";
		};
		38C9B63E296507F000F5384F /* SignUp */ = {
			isa = PBXGroup;
			children = (
				38ACEAA8297C780F00103FAA /* Interactor */,
				38C9B6412965080800F5384F /* ViewModel */,
				38C9B6402965080400F5384F /* View */,
				38C9B63F296507FA00F5384F /* Model */,
			);
			path = SignUp;
			sourceTree = "<group>";
		};
		38C9B63F296507FA00F5384F /* Model */ = {
			isa = PBXGroup;
			children = (
				38C9B6442965085000F5384F /* SignUpUiState.swift */,
				3836ADCD29715A080042FA0E /* SignUpRequest.swift */,
			);
			path = Model;
			sourceTree = "<group>";
		};
		38C9B6402965080400F5384F /* View */ = {
			isa = PBXGroup;
			children = (
				38C9B6462965086500F5384F /* SignUpView.swift */,
			);
			path = View;
			sourceTree = "<group>";
		};
		38C9B6412965080800F5384F /* ViewModel */ = {
			isa = PBXGroup;
			children = (
				38C9B6422965082500F5384F /* SignUpViewModel.swift */,
				38C9B64A2965096C00F5384F /* SignUpViewRouter.swift */,
			);
			path = ViewModel;
			sourceTree = "<group>";
		};
		38C9B64C296509CA00F5384F /* Model */ = {
			isa = PBXGroup;
			children = (
				38C9B64D296509D500F5384F /* Gender.swift */,
				38ACEA852972C3B100103FAA /* ErrorResponse.swift */,
				38ACEAA1297A219500103FAA /* AppError.swift */,
				38ACEAB8297F6F8100103FAA /* UserAuth.swift */,
			);
			path = Model;
			sourceTree = "<group>";
		};
		38F98245298849F700E00D03 /* PetshopDetail */ = {
			isa = PBXGroup;
			children = (
				38F9825C29892A5800E00D03 /* Interactor */,
				38F9824829884A1600E00D03 /* ViewModel */,
				38F9824729884A1200E00D03 /* View */,
				38F9824629884A0A00E00D03 /* Model */,
			);
			path = PetshopDetail;
			sourceTree = "<group>";
		};
		38F9824629884A0A00E00D03 /* Model */ = {
			isa = PBXGroup;
			children = (
				38F9824929884A2E00E00D03 /* PetshopDetailUiState.swift */,
				38F9826129892C3600E00D03 /* PetshopValueRequest.swift */,
			);
			path = Model;
			sourceTree = "<group>";
		};
		38F9824729884A1200E00D03 /* View */ = {
			isa = PBXGroup;
			children = (
				38F9824D29884B9500E00D03 /* PetshopDetailView.swift */,
			);
			path = View;
			sourceTree = "<group>";
		};
		38F9824829884A1600E00D03 /* ViewModel */ = {
			isa = PBXGroup;
			children = (
				38F9824B29884A9600E00D03 /* PetshopDetailViewModel.swift */,
			);
			path = ViewModel;
			sourceTree = "<group>";
		};
		38F9825C29892A5800E00D03 /* Interactor */ = {
			isa = PBXGroup;
			children = (
				38F9825D29892A7C00E00D03 /* PetshopDetailInteractor.swift */,
				38F9825F29892B2400E00D03 /* PetshopDetailRemoteDataSource.swift */,
			);
			path = Interactor;
			sourceTree = "<group>";
		};
		7763F1013D9F6F96AE235597 /* Frameworks */ = {
			isa = PBXGroup;
			children = (
				5783166651A21E5DFCDCDEF5 /* Pods_Petshop.framework */,
			);
			name = Frameworks;
			sourceTree = "<group>";
		};
		D80598CDA265B3B7096B877B /* Pods */ = {
			isa = PBXGroup;
			children = (
				CA41AF8C1C863100700F3F7D /* Pods-Petshop.debug.xcconfig */,
				8F8780E2F965599899CD1A82 /* Pods-Petshop.release.xcconfig */,
			);
			path = Pods;
			sourceTree = "<group>";
		};
/* End PBXGroup section */

/* Begin PBXNativeTarget section */
		38C9B5F7295D21F800F5384F /* Petshop */ = {
			isa = PBXNativeTarget;
			buildConfigurationList = 38C9B606295D21FA00F5384F /* Build configuration list for PBXNativeTarget "Petshop" */;
			buildPhases = (
				FF66EEC4508621DD34597BC3 /* [CP] Check Pods Manifest.lock */,
				38C9B5F4295D21F800F5384F /* Sources */,
				38C9B5F5295D21F800F5384F /* Frameworks */,
				38C9B5F6295D21F800F5384F /* Resources */,
				205FCE227C9A7ADC076DEC9C /* [CP] Embed Pods Frameworks */,
			);
			buildRules = (
			);
			dependencies = (
			);
			name = Petshop;
			productName = Petshop;
			productReference = 384CCC312996D4E4004049B3 /* Petshop.app */;
			productType = "com.apple.product-type.application";
		};
/* End PBXNativeTarget section */

/* Begin PBXProject section */
		38C9B5F0295D21F800F5384F /* Project object */ = {
			isa = PBXProject;
			attributes = {
				BuildIndependentTargetsInParallel = 1;
				LastSwiftUpdateCheck = 1340;
				LastUpgradeCheck = 1340;
				TargetAttributes = {
					38C9B5F7295D21F800F5384F = {
						CreatedOnToolsVersion = 13.4.1;
					};
				};
			};
			buildConfigurationList = 38C9B5F3295D21F800F5384F /* Build configuration list for PBXProject "Petshop" */;
			compatibilityVersion = "Xcode 13.0";
			developmentRegion = en;
			hasScannedForEncodings = 0;
			knownRegions = (
				en,
				Base,
			);
			mainGroup = 38C9B5EF295D21F800F5384F;
			productRefGroup = 38C9B5EF295D21F800F5384F;
			projectDirPath = "";
			projectRoot = "";
			targets = (
				38C9B5F7295D21F800F5384F /* Petshop */,
			);
		};
/* End PBXProject section */

/* Begin PBXResourcesBuildPhase section */
		38C9B5F6295D21F800F5384F /* Resources */ = {
			isa = PBXResourcesBuildPhase;
			buildActionMask = 2147483647;
			files = (
				38C9B603295D21FA00F5384F /* Preview Assets.xcassets in Resources */,
				38C9B600295D21FA00F5384F /* Assets.xcassets in Resources */,
			);
			runOnlyForDeploymentPostprocessing = 0;
		};
/* End PBXResourcesBuildPhase section */

/* Begin PBXShellScriptBuildPhase section */
		205FCE227C9A7ADC076DEC9C /* [CP] Embed Pods Frameworks */ = {
			isa = PBXShellScriptBuildPhase;
			buildActionMask = 2147483647;
			files = (
			);
			inputFileListPaths = (
				"${PODS_ROOT}/Target Support Files/Pods-Petshop/Pods-Petshop-frameworks-${CONFIGURATION}-input-files.xcfilelist",
			);
			name = "[CP] Embed Pods Frameworks";
			outputFileListPaths = (
				"${PODS_ROOT}/Target Support Files/Pods-Petshop/Pods-Petshop-frameworks-${CONFIGURATION}-output-files.xcfilelist",
			);
			runOnlyForDeploymentPostprocessing = 0;
			shellPath = /bin/sh;
			shellScript = "\"${PODS_ROOT}/Target Support Files/Pods-Petshop/Pods-Petshop-frameworks.sh\"\n";
			showEnvVarsInLog = 0;
		};
		FF66EEC4508621DD34597BC3 /* [CP] Check Pods Manifest.lock */ = {
			isa = PBXShellScriptBuildPhase;
			buildActionMask = 2147483647;
			files = (
			);
			inputFileListPaths = (
			);
			inputPaths = (
				"${PODS_PODFILE_DIR_PATH}/Podfile.lock",
				"${PODS_ROOT}/Manifest.lock",
			);
			name = "[CP] Check Pods Manifest.lock";
			outputFileListPaths = (
			);
			outputPaths = (
				"$(DERIVED_FILE_DIR)/Pods-Petshop-checkManifestLockResult.txt",
			);
			runOnlyForDeploymentPostprocessing = 0;
			shellPath = /bin/sh;
			shellScript = "diff \"${PODS_PODFILE_DIR_PATH}/Podfile.lock\" \"${PODS_ROOT}/Manifest.lock\" > /dev/null\nif [ $? != 0 ] ; then\n    # print error to STDERR\n    echo \"error: The sandbox is not in sync with the Podfile.lock. Run 'pod install' or update your CocoaPods installation.\" >&2\n    exit 1\nfi\n# This output is used by Xcode 'outputs' to avoid re-running this script phase.\necho \"SUCCESS\" > \"${SCRIPT_OUTPUT_FILE_0}\"\n";
			showEnvVarsInLog = 0;
		};
/* End PBXShellScriptBuildPhase section */

/* Begin PBXSourcesBuildPhase section */
		38C9B5F4295D21F800F5384F /* Sources */ = {
			isa = PBXSourcesBuildPhase;
			buildActionMask = 2147483647;
			files = (
				38C9B62A295DB1F300F5384F /* HomeViewModel.swift in Sources */,
				38ACEA94297805AD00103FAA /* SignInErrorResponse.swift in Sources */,
				384CCC21299430E9004049B3 /* PetshopCreateView.swift in Sources */,
				384E5901298BD71500E8A395 /* ProfileViewModel.swift in Sources */,
				384CCC362996D5C3004049B3 /* PetshopCreateRemoteDataSource.swift in Sources */,
				38C9B630295DB58E00F5384F /* SplashView.swift in Sources */,
				38C9B6432965082500F5384F /* SignUpViewModel.swift in Sources */,
				38ACEA8E2976BD5000103FAA /* SignInResponse.swift in Sources */,
				38C9B6452965085000F5384F /* SignUpUiState.swift in Sources */,
				38C9B61F295DADDD00F5384F /* SignInViewModel.swift in Sources */,
				384CCC062993BD15004049B3 /* BoxChartView.swift in Sources */,
				384E590E298C993A00E8A395 /* ProfileResponse.swift in Sources */,
				38ACEA902976BD7500103FAA /* SignInRequest.swift in Sources */,
				384E590C298C990700E8A395 /* ProfileUiState.swift in Sources */,
				38ACEAFA2986EFFD00103FAA /* PetshopInteractor.swift in Sources */,
				38ACEA9E29795A5000103FAA /* SignInRemoteDataSource.swift in Sources */,
				38ACEAAC297C783400103FAA /* SignUpRemoteDataSource.swift in Sources */,
				384E5918298E883900E8A395 /* ProfileRequest.swift in Sources */,
				38ACEA9C297959BD00103FAA /* SignInInteractor.swift in Sources */,
				38ACEADA2980B3B300103FAA /* PetshopUiState.swift in Sources */,
				38C9B63429644AF300F5384F /* EditTextView.swift in Sources */,
				38C9B62C295DB21900F5384F /* HomeView.swift in Sources */,
				384E58ED298A847D00E8A395 /* ImageView.swift in Sources */,
				38ACEABE297F750600103FAA /* SplashInteractor.swift in Sources */,
				38C9B64B2965096C00F5384F /* SignUpViewRouter.swift in Sources */,
				38C9B5FC295D21F800F5384F /* PetshopApp.swift in Sources */,
				3836ADCC296F68040042FA0E /* WebService.swift in Sources */,
				384CCC2529943B17004049B3 /* PetshopViewRouter.swift in Sources */,
				38ACEAF62986EC3D00103FAA /* PetshopRemoteDataSource.swift in Sources */,
				38F9824C29884A9600E00D03 /* PetshopDetailViewModel.swift in Sources */,
				38ACEAE729820E4600103FAA /* PetshopCardViewModel.swift in Sources */,
				38C9B63729644B2D00F5384F /* CustomTextFieldStyle.swift in Sources */,
				38C9B617295DAC6F00F5384F /* SplashViewModelRouter.swift in Sources */,
				38ACEADC2980B4C700103FAA /* HomeViewRouter.swift in Sources */,
				38C9B63D2964FFB700F5384F /* LoadingButtonView.swift in Sources */,
				38F9825B2988A8EB00E00D03 /* PetshopCardViewRouter.swift in Sources */,
				38C9B63A29644C1D00F5384F /* String+Extensions.swift in Sources */,
				38C9B60F295DA95800F5384F /* SplashUiState.swift in Sources */,
				38ACEAC0297F751800103FAA /* SplashRemoteDataSource.swift in Sources */,
				38C9B623295DAE1100F5384F /* SignInViewRouter.swift in Sources */,
				384E58FD298B067B00E8A395 /* GenderSelectorView.swift in Sources */,
				38C9B611295DAA1200F5384F /* SplashViewModel.swift in Sources */,
				38ACEAF82986EC7C00103FAA /* PetshopResponse.swift in Sources */,
				38F9826229892C3600E00D03 /* PetshopValueRequest.swift in Sources */,
				384CCC2329943822004049B3 /* PetshopCreateViewModel.swift in Sources */,
				38ACEA862972C3B100103FAA /* ErrorResponse.swift in Sources */,
				38C9B64E296509D500F5384F /* Gender.swift in Sources */,
				38ACEAC2297F757C00103FAA /* RefreshRequest.swift in Sources */,
				384E5911298C99A400E8A395 /* ProfileRemoteDataSource.swift in Sources */,
				384CCC332996D52B004049B3 /* PetshopCreateRequest.swift in Sources */,
				384CCC0B2993BDA8004049B3 /* ChartRemoteDataSource.swift in Sources */,
				38ACEAD62980B29400103FAA /* PetshopViewModel.swift in Sources */,
				38C9B62E295DB39900F5384F /* SignInView.swift in Sources */,
				384E58FB298B04BB00E8A395 /* ProfileView.swift in Sources */,
				38ACEAB9297F6F8100103FAA /* UserAuth.swift in Sources */,
				3836ADCE29715A090042FA0E /* SignUpRequest.swift in Sources */,
				38F9824E29884B9500E00D03 /* PetshopDetailView.swift in Sources */,
				38ACEAE529820E1F00103FAA /* PetshopCardView.swift in Sources */,
				384CCC2929957A9B004049B3 /* ImagePickerView.swift in Sources */,
				38C9B6472965086500F5384F /* SignUpView.swift in Sources */,
				38ACEAEA2982171F00103FAA /* ButtonStyle.swift in Sources */,
				384CCC11299417D1004049B3 /* ChartViewModel.swift in Sources */,
				38ACEAD42980B27900103FAA /* PetshopView.swift in Sources */,
				384CCC0D2993BE45004049B3 /* PetshopValueResponse.swift in Sources */,
				384CCC382996D72A004049B3 /* PetshopCreateInteractor.swift in Sources */,
				38F9825E29892A7C00E00D03 /* PetshopDetailInteractor.swift in Sources */,
				384E5925298FFDFB00E8A395 /* ChartView.swift in Sources */,
				384CCC0F2993C162004049B3 /* ChartInterector.swift in Sources */,
				38F9824A29884A2E00E00D03 /* PetshopDetailUiState.swift in Sources */,
				38ACEAA2297A219500103FAA /* AppError.swift in Sources */,
				384E5914298C9AF700E8A395 /* ProfileInterector.swift in Sources */,
				38ACEABB297F703700103FAA /* LocalDataSource.swift in Sources */,
				38ACEAAA297C782200103FAA /* SignUpInteractor.swift in Sources */,
				38F9826029892B2400E00D03 /* PetshopDetailRemoteDataSource.swift in Sources */,
				38ACEAFC2986F0C800103FAA /* Date+Extension.swift in Sources */,
				384CCC082993BD5B004049B3 /* ChartUiState.swift in Sources */,
				38C9B61D295DAD9100F5384F /* SignInUiState.swift in Sources */,
				384CCC3E299AD785004049B3 /* Mask.swift in Sources */,
			);
			runOnlyForDeploymentPostprocessing = 0;
		};
/* End PBXSourcesBuildPhase section */

/* Begin XCBuildConfiguration section */
		38C9B604295D21FA00F5384F /* Debug */ = {
			isa = XCBuildConfiguration;
			buildSettings = {
				ALWAYS_SEARCH_USER_PATHS = NO;
				CLANG_ANALYZER_NONNULL = YES;
				CLANG_ANALYZER_NUMBER_OBJECT_CONVERSION = YES_AGGRESSIVE;
				CLANG_CXX_LANGUAGE_STANDARD = "gnu++17";
				CLANG_ENABLE_MODULES = YES;
				CLANG_ENABLE_OBJC_ARC = YES;
				CLANG_ENABLE_OBJC_WEAK = YES;
				CLANG_WARN_BLOCK_CAPTURE_AUTORELEASING = YES;
				CLANG_WARN_BOOL_CONVERSION = YES;
				CLANG_WARN_COMMA = YES;
				CLANG_WARN_CONSTANT_CONVERSION = YES;
				CLANG_WARN_DEPRECATED_OBJC_IMPLEMENTATIONS = YES;
				CLANG_WARN_DIRECT_OBJC_ISA_USAGE = YES_ERROR;
				CLANG_WARN_DOCUMENTATION_COMMENTS = YES;
				CLANG_WARN_EMPTY_BODY = YES;
				CLANG_WARN_ENUM_CONVERSION = YES;
				CLANG_WARN_INFINITE_RECURSION = YES;
				CLANG_WARN_INT_CONVERSION = YES;
				CLANG_WARN_NON_LITERAL_NULL_CONVERSION = YES;
				CLANG_WARN_OBJC_IMPLICIT_RETAIN_SELF = YES;
				CLANG_WARN_OBJC_LITERAL_CONVERSION = YES;
				CLANG_WARN_OBJC_ROOT_CLASS = YES_ERROR;
				CLANG_WARN_QUOTED_INCLUDE_IN_FRAMEWORK_HEADER = YES;
				CLANG_WARN_RANGE_LOOP_ANALYSIS = YES;
				CLANG_WARN_STRICT_PROTOTYPES = YES;
				CLANG_WARN_SUSPICIOUS_MOVE = YES;
				CLANG_WARN_UNGUARDED_AVAILABILITY = YES_AGGRESSIVE;
				CLANG_WARN_UNREACHABLE_CODE = YES;
				CLANG_WARN__DUPLICATE_METHOD_MATCH = YES;
				COPY_PHASE_STRIP = NO;
				DEBUG_INFORMATION_FORMAT = dwarf;
				ENABLE_STRICT_OBJC_MSGSEND = YES;
				ENABLE_TESTABILITY = YES;
				GCC_C_LANGUAGE_STANDARD = gnu11;
				GCC_DYNAMIC_NO_PIC = NO;
				GCC_NO_COMMON_BLOCKS = YES;
				GCC_OPTIMIZATION_LEVEL = 0;
				GCC_PREPROCESSOR_DEFINITIONS = (
					"DEBUG=1",
					"$(inherited)",
				);
				GCC_WARN_64_TO_32_BIT_CONVERSION = YES;
				GCC_WARN_ABOUT_RETURN_TYPE = YES_ERROR;
				GCC_WARN_UNDECLARED_SELECTOR = YES;
				GCC_WARN_UNINITIALIZED_AUTOS = YES_AGGRESSIVE;
				GCC_WARN_UNUSED_FUNCTION = YES;
				GCC_WARN_UNUSED_VARIABLE = YES;
				IPHONEOS_DEPLOYMENT_TARGET = 15.5;
				MTL_ENABLE_DEBUG_INFO = INCLUDE_SOURCE;
				MTL_FAST_MATH = YES;
				ONLY_ACTIVE_ARCH = YES;
				SDKROOT = iphoneos;
				SWIFT_ACTIVE_COMPILATION_CONDITIONS = DEBUG;
				SWIFT_OPTIMIZATION_LEVEL = "-Onone";
			};
			name = Debug;
		};
		38C9B605295D21FA00F5384F /* Release */ = {
			isa = XCBuildConfiguration;
			buildSettings = {
				ALWAYS_SEARCH_USER_PATHS = NO;
				CLANG_ANALYZER_NONNULL = YES;
				CLANG_ANALYZER_NUMBER_OBJECT_CONVERSION = YES_AGGRESSIVE;
				CLANG_CXX_LANGUAGE_STANDARD = "gnu++17";
				CLANG_ENABLE_MODULES = YES;
				CLANG_ENABLE_OBJC_ARC = YES;
				CLANG_ENABLE_OBJC_WEAK = YES;
				CLANG_WARN_BLOCK_CAPTURE_AUTORELEASING = YES;
				CLANG_WARN_BOOL_CONVERSION = YES;
				CLANG_WARN_COMMA = YES;
				CLANG_WARN_CONSTANT_CONVERSION = YES;
				CLANG_WARN_DEPRECATED_OBJC_IMPLEMENTATIONS = YES;
				CLANG_WARN_DIRECT_OBJC_ISA_USAGE = YES_ERROR;
				CLANG_WARN_DOCUMENTATION_COMMENTS = YES;
				CLANG_WARN_EMPTY_BODY = YES;
				CLANG_WARN_ENUM_CONVERSION = YES;
				CLANG_WARN_INFINITE_RECURSION = YES;
				CLANG_WARN_INT_CONVERSION = YES;
				CLANG_WARN_NON_LITERAL_NULL_CONVERSION = YES;
				CLANG_WARN_OBJC_IMPLICIT_RETAIN_SELF = YES;
				CLANG_WARN_OBJC_LITERAL_CONVERSION = YES;
				CLANG_WARN_OBJC_ROOT_CLASS = YES_ERROR;
				CLANG_WARN_QUOTED_INCLUDE_IN_FRAMEWORK_HEADER = YES;
				CLANG_WARN_RANGE_LOOP_ANALYSIS = YES;
				CLANG_WARN_STRICT_PROTOTYPES = YES;
				CLANG_WARN_SUSPICIOUS_MOVE = YES;
				CLANG_WARN_UNGUARDED_AVAILABILITY = YES_AGGRESSIVE;
				CLANG_WARN_UNREACHABLE_CODE = YES;
				CLANG_WARN__DUPLICATE_METHOD_MATCH = YES;
				COPY_PHASE_STRIP = NO;
				DEBUG_INFORMATION_FORMAT = "dwarf-with-dsym";
				ENABLE_NS_ASSERTIONS = NO;
				ENABLE_STRICT_OBJC_MSGSEND = YES;
				GCC_C_LANGUAGE_STANDARD = gnu11;
				GCC_NO_COMMON_BLOCKS = YES;
				GCC_WARN_64_TO_32_BIT_CONVERSION = YES;
				GCC_WARN_ABOUT_RETURN_TYPE = YES_ERROR;
				GCC_WARN_UNDECLARED_SELECTOR = YES;
				GCC_WARN_UNINITIALIZED_AUTOS = YES_AGGRESSIVE;
				GCC_WARN_UNUSED_FUNCTION = YES;
				GCC_WARN_UNUSED_VARIABLE = YES;
				IPHONEOS_DEPLOYMENT_TARGET = 15.5;
				MTL_ENABLE_DEBUG_INFO = NO;
				MTL_FAST_MATH = YES;
				SDKROOT = iphoneos;
				SWIFT_COMPILATION_MODE = wholemodule;
				SWIFT_OPTIMIZATION_LEVEL = "-O";
				VALIDATE_PRODUCT = YES;
			};
			name = Release;
		};
		38C9B607295D21FA00F5384F /* Debug */ = {
			isa = XCBuildConfiguration;
			baseConfigurationReference = CA41AF8C1C863100700F3F7D /* Pods-Petshop.debug.xcconfig */;
			buildSettings = {
				ASSETCATALOG_COMPILER_APPICON_NAME = AppIcon;
				ASSETCATALOG_COMPILER_GLOBAL_ACCENT_COLOR_NAME = AccentColor;
				CODE_SIGN_STYLE = Automatic;
				CURRENT_PROJECT_VERSION = 1;
				DEVELOPMENT_ASSET_PATHS = "\"Petshop/Preview Content\"";
				DEVELOPMENT_TEAM = 6L32P7KX52;
				ENABLE_PREVIEWS = YES;
				GENERATE_INFOPLIST_FILE = YES;
				INFOPLIST_KEY_UIApplicationSceneManifest_Generation = YES;
				INFOPLIST_KEY_UIApplicationSupportsIndirectInputEvents = YES;
				INFOPLIST_KEY_UILaunchScreen_Generation = YES;
				INFOPLIST_KEY_UISupportedInterfaceOrientations_iPad = "UIInterfaceOrientationPortrait UIInterfaceOrientationPortraitUpsideDown UIInterfaceOrientationLandscapeLeft UIInterfaceOrientationLandscapeRight";
				INFOPLIST_KEY_UISupportedInterfaceOrientations_iPhone = "UIInterfaceOrientationPortrait UIInterfaceOrientationLandscapeLeft UIInterfaceOrientationLandscapeRight";
				LD_RUNPATH_SEARCH_PATHS = (
					"$(inherited)",
					"@executable_path/Frameworks",
				);
				MARKETING_VERSION = 1.0;
				PRODUCT_BUNDLE_IDENTIFIER = com.robertofilho.Petshop;
				PRODUCT_NAME = "$(TARGET_NAME)";
				SWIFT_EMIT_LOC_STRINGS = YES;
				SWIFT_VERSION = 5.0;
				TARGETED_DEVICE_FAMILY = "1,2";
			};
			name = Debug;
		};
		38C9B608295D21FA00F5384F /* Release */ = {
			isa = XCBuildConfiguration;
			baseConfigurationReference = 8F8780E2F965599899CD1A82 /* Pods-Petshop.release.xcconfig */;
			buildSettings = {
				ASSETCATALOG_COMPILER_APPICON_NAME = AppIcon;
				ASSETCATALOG_COMPILER_GLOBAL_ACCENT_COLOR_NAME = AccentColor;
				CODE_SIGN_STYLE = Automatic;
				CURRENT_PROJECT_VERSION = 1;
				DEVELOPMENT_ASSET_PATHS = "\"Petshop/Preview Content\"";
				DEVELOPMENT_TEAM = 6L32P7KX52;
				ENABLE_PREVIEWS = YES;
				GENERATE_INFOPLIST_FILE = YES;
				INFOPLIST_KEY_UIApplicationSceneManifest_Generation = YES;
				INFOPLIST_KEY_UIApplicationSupportsIndirectInputEvents = YES;
				INFOPLIST_KEY_UILaunchScreen_Generation = YES;
				INFOPLIST_KEY_UISupportedInterfaceOrientations_iPad = "UIInterfaceOrientationPortrait UIInterfaceOrientationPortraitUpsideDown UIInterfaceOrientationLandscapeLeft UIInterfaceOrientationLandscapeRight";
				INFOPLIST_KEY_UISupportedInterfaceOrientations_iPhone = "UIInterfaceOrientationPortrait UIInterfaceOrientationLandscapeLeft UIInterfaceOrientationLandscapeRight";
				LD_RUNPATH_SEARCH_PATHS = (
					"$(inherited)",
					"@executable_path/Frameworks",
				);
				MARKETING_VERSION = 1.0;
				PRODUCT_BUNDLE_IDENTIFIER = com.robertofilho.Petshop;
				PRODUCT_NAME = "$(TARGET_NAME)";
				SWIFT_EMIT_LOC_STRINGS = YES;
				SWIFT_VERSION = 5.0;
				TARGETED_DEVICE_FAMILY = "1,2";
			};
			name = Release;
		};
/* End XCBuildConfiguration section */

/* Begin XCConfigurationList section */
		38C9B5F3295D21F800F5384F /* Build configuration list for PBXProject "Petshop" */ = {
			isa = XCConfigurationList;
			buildConfigurations = (
				38C9B604295D21FA00F5384F /* Debug */,
				38C9B605295D21FA00F5384F /* Release */,
			);
			defaultConfigurationIsVisible = 0;
			defaultConfigurationName = Release;
		};
		38C9B606295D21FA00F5384F /* Build configuration list for PBXNativeTarget "Petshop" */ = {
			isa = XCConfigurationList;
			buildConfigurations = (
				38C9B607295D21FA00F5384F /* Debug */,
				38C9B608295D21FA00F5384F /* Release */,
			);
			defaultConfigurationIsVisible = 0;
			defaultConfigurationName = Release;
		};
/* End XCConfigurationList section */
	};
	rootObject = 38C9B5F0295D21F800F5384F /* Project object */;
}
